// !$*UTF8*$!
{
	archiveVersion = 1;
	classes = {
	};
	objectVersion = 51;
	objects = {

/* Begin PBXBuildFile section */
		452D9198256F8E0600C211AC /* SF-Pro-Display-Bold.otf in Resources */ = {isa = PBXBuildFile; fileRef = 452D918F256F8E0500C211AC /* SF-Pro-Display-Bold.otf */; };
		452D9199256F8E0600C211AC /* SF-Pro-Display-Regular.otf in Resources */ = {isa = PBXBuildFile; fileRef = 452D9190256F8E0600C211AC /* SF-Pro-Display-Regular.otf */; };
		452D919B256F8E0600C211AC /* SF-Pro-Display-Light.otf in Resources */ = {isa = PBXBuildFile; fileRef = 452D9192256F8E0600C211AC /* SF-Pro-Display-Light.otf */; };
		452D919C256F8E0600C211AC /* SF-Pro-Display-RegularItalic.otf in Resources */ = {isa = PBXBuildFile; fileRef = 452D9193256F8E0600C211AC /* SF-Pro-Display-RegularItalic.otf */; };
		452D919E256F8E0600C211AC /* SF-Pro-Display-SemiBold.otf in Resources */ = {isa = PBXBuildFile; fileRef = 452D9195256F8E0600C211AC /* SF-Pro-Display-SemiBold.otf */; };
		452D919F256F8E0600C211AC /* SF-Pro-Display-Medium.otf in Resources */ = {isa = PBXBuildFile; fileRef = 452D9196256F8E0600C211AC /* SF-Pro-Display-Medium.otf */; };
		45444DAB2575348600F13C96 /* Colors.swift in Sources */ = {isa = PBXBuildFile; fileRef = 45444DAA2575348600F13C96 /* Colors.swift */; };
		454608E7256642690046E8CF /* HistoryViewController.swift in Sources */ = {isa = PBXBuildFile; fileRef = 454608E6256642690046E8CF /* HistoryViewController.swift */; };
		454608F52566623A0046E8CF /* HistoryTableViewCell.swift in Sources */ = {isa = PBXBuildFile; fileRef = 454608F32566623A0046E8CF /* HistoryTableViewCell.swift */; };
		454608F62566623A0046E8CF /* HistoryTableViewCell.xib in Resources */ = {isa = PBXBuildFile; fileRef = 454608F42566623A0046E8CF /* HistoryTableViewCell.xib */; };
		454608FA2566906C0046E8CF /* History+CoreDataClass.swift in Sources */ = {isa = PBXBuildFile; fileRef = 454608F92566906C0046E8CF /* History+CoreDataClass.swift */; };
		454608FD25678E5F0046E8CF /* WUTabBarViewController.swift in Sources */ = {isa = PBXBuildFile; fileRef = 454608FC25678E5F0046E8CF /* WUTabBarViewController.swift */; };
		45460902256796170046E8CF /* FeaturedViewController.swift in Sources */ = {isa = PBXBuildFile; fileRef = 45460901256796170046E8CF /* FeaturedViewController.swift */; };
		45671B9D256ACFF0009095B4 /* FeaturedStoryBoard.storyboard in Resources */ = {isa = PBXBuildFile; fileRef = 45671B9C256ACFF0009095B4 /* FeaturedStoryBoard.storyboard */; };
		4585C6F8256A8DC6005A487A /* AppStoryBoards.swift in Sources */ = {isa = PBXBuildFile; fileRef = 4585C6F7256A8DC6005A487A /* AppStoryBoards.swift */; };
		4585C6FB256A8EC2005A487A /* WUHomeStoryBoard.storyboard in Resources */ = {isa = PBXBuildFile; fileRef = 4585C6FA256A8EC2005A487A /* WUHomeStoryBoard.storyboard */; };
		4585C6FE256A9EFE005A487A /* WUHistoryStoryBoard.storyboard in Resources */ = {isa = PBXBuildFile; fileRef = 4585C6FD256A9EFE005A487A /* WUHistoryStoryBoard.storyboard */; };
		4585C701256AA23D005A487A /* CustomMessageStoryBoard.storyboard in Resources */ = {isa = PBXBuildFile; fileRef = 4585C700256AA23D005A487A /* CustomMessageStoryBoard.storyboard */; };
		45FFAE0D2554118E00CF6697 /* AppDelegate.swift in Sources */ = {isa = PBXBuildFile; fileRef = 45FFAE0C2554118E00CF6697 /* AppDelegate.swift */; };
		45FFAE0F2554118E00CF6697 /* SceneDelegate.swift in Sources */ = {isa = PBXBuildFile; fileRef = 45FFAE0E2554118E00CF6697 /* SceneDelegate.swift */; };
		45FFAE112554118E00CF6697 /* HomeViewController.swift in Sources */ = {isa = PBXBuildFile; fileRef = 45FFAE102554118E00CF6697 /* HomeViewController.swift */; };
		45FFAE162554118F00CF6697 /* Assets.xcassets in Resources */ = {isa = PBXBuildFile; fileRef = 45FFAE152554118F00CF6697 /* Assets.xcassets */; };
		45FFAE192554118F00CF6697 /* LaunchScreen.storyboard in Resources */ = {isa = PBXBuildFile; fileRef = 45FFAE172554118F00CF6697 /* LaunchScreen.storyboard */; };
		45FFAE2225558EFB00CF6697 /* Model.xcdatamodeld in Sources */ = {isa = PBXBuildFile; fileRef = 45FFAE2025558EFB00CF6697 /* Model.xcdatamodeld */; };
		45FFAE472555911500CF6697 /* CoreData.swift in Sources */ = {isa = PBXBuildFile; fileRef = 45FFAE462555911500CF6697 /* CoreData.swift */; };
		45FFAE5A2558067000CF6697 /* Messages+CoreDataClass.swift in Sources */ = {isa = PBXBuildFile; fileRef = 45FFAE582558067000CF6697 /* Messages+CoreDataClass.swift */; };
		45FFAE5D255825F600CF6697 /* CustomSavedMessagesViewController.swift in Sources */ = {isa = PBXBuildFile; fileRef = 45FFAE5C255825F600CF6697 /* CustomSavedMessagesViewController.swift */; };
		B49757563BBBC88C6EF0F462 /* Pods_Whatsapp_utility_demo.framework in Frameworks */ = {isa = PBXBuildFile; fileRef = AFBA839CE9A15B600AE91319 /* Pods_Whatsapp_utility_demo.framework */; };
/* End PBXBuildFile section */

/* Begin PBXFileReference section */
		452D918F256F8E0500C211AC /* SF-Pro-Display-Bold.otf */ = {isa = PBXFileReference; lastKnownFileType = file; path = "SF-Pro-Display-Bold.otf"; sourceTree = "<group>"; };
		452D9190256F8E0600C211AC /* SF-Pro-Display-Regular.otf */ = {isa = PBXFileReference; lastKnownFileType = file; path = "SF-Pro-Display-Regular.otf"; sourceTree = "<group>"; };
		452D9192256F8E0600C211AC /* SF-Pro-Display-Light.otf */ = {isa = PBXFileReference; lastKnownFileType = file; path = "SF-Pro-Display-Light.otf"; sourceTree = "<group>"; };
		452D9193256F8E0600C211AC /* SF-Pro-Display-RegularItalic.otf */ = {isa = PBXFileReference; lastKnownFileType = file; path = "SF-Pro-Display-RegularItalic.otf"; sourceTree = "<group>"; };
		452D9195256F8E0600C211AC /* SF-Pro-Display-SemiBold.otf */ = {isa = PBXFileReference; lastKnownFileType = file; path = "SF-Pro-Display-SemiBold.otf"; sourceTree = "<group>"; };
		452D9196256F8E0600C211AC /* SF-Pro-Display-Medium.otf */ = {isa = PBXFileReference; lastKnownFileType = file; path = "SF-Pro-Display-Medium.otf"; sourceTree = "<group>"; };
		45444DAA2575348600F13C96 /* Colors.swift */ = {isa = PBXFileReference; lastKnownFileType = sourcecode.swift; path = Colors.swift; sourceTree = "<group>"; };
		454608E6256642690046E8CF /* HistoryViewController.swift */ = {isa = PBXFileReference; lastKnownFileType = sourcecode.swift; path = HistoryViewController.swift; sourceTree = "<group>"; };
		454608F32566623A0046E8CF /* HistoryTableViewCell.swift */ = {isa = PBXFileReference; lastKnownFileType = sourcecode.swift; path = HistoryTableViewCell.swift; sourceTree = "<group>"; };
		454608F42566623A0046E8CF /* HistoryTableViewCell.xib */ = {isa = PBXFileReference; lastKnownFileType = file.xib; path = HistoryTableViewCell.xib; sourceTree = "<group>"; };
		454608F92566906C0046E8CF /* History+CoreDataClass.swift */ = {isa = PBXFileReference; lastKnownFileType = sourcecode.swift; name = "History+CoreDataClass.swift"; path = "/Users/ttn/Documents/whatsapp utility/Whatsapp utility demo/Whatsapp utility demo/CoreDataModel/History+CoreDataClass.swift"; sourceTree = "<absolute>"; };
		454608FC25678E5F0046E8CF /* WUTabBarViewController.swift */ = {isa = PBXFileReference; lastKnownFileType = sourcecode.swift; path = WUTabBarViewController.swift; sourceTree = "<group>"; };
		45460901256796170046E8CF /* FeaturedViewController.swift */ = {isa = PBXFileReference; lastKnownFileType = sourcecode.swift; path = FeaturedViewController.swift; sourceTree = "<group>"; };
		45671B9C256ACFF0009095B4 /* FeaturedStoryBoard.storyboard */ = {isa = PBXFileReference; lastKnownFileType = file.storyboard; path = FeaturedStoryBoard.storyboard; sourceTree = "<group>"; };
		4585C6F7256A8DC6005A487A /* AppStoryBoards.swift */ = {isa = PBXFileReference; lastKnownFileType = sourcecode.swift; path = AppStoryBoards.swift; sourceTree = "<group>"; };
		4585C6FA256A8EC2005A487A /* WUHomeStoryBoard.storyboard */ = {isa = PBXFileReference; lastKnownFileType = file.storyboard; path = WUHomeStoryBoard.storyboard; sourceTree = "<group>"; };
		4585C6FD256A9EFE005A487A /* WUHistoryStoryBoard.storyboard */ = {isa = PBXFileReference; lastKnownFileType = file.storyboard; path = WUHistoryStoryBoard.storyboard; sourceTree = "<group>"; };
		4585C700256AA23D005A487A /* CustomMessageStoryBoard.storyboard */ = {isa = PBXFileReference; lastKnownFileType = file.storyboard; path = CustomMessageStoryBoard.storyboard; sourceTree = "<group>"; };
		45FFAE092554118E00CF6697 /* Whatsapp utility demo.app */ = {isa = PBXFileReference; explicitFileType = wrapper.application; includeInIndex = 0; path = "Whatsapp utility demo.app"; sourceTree = BUILT_PRODUCTS_DIR; };
		45FFAE0C2554118E00CF6697 /* AppDelegate.swift */ = {isa = PBXFileReference; lastKnownFileType = sourcecode.swift; path = AppDelegate.swift; sourceTree = "<group>"; };
		45FFAE0E2554118E00CF6697 /* SceneDelegate.swift */ = {isa = PBXFileReference; lastKnownFileType = sourcecode.swift; path = SceneDelegate.swift; sourceTree = "<group>"; };
		45FFAE102554118E00CF6697 /* HomeViewController.swift */ = {isa = PBXFileReference; lastKnownFileType = sourcecode.swift; path = HomeViewController.swift; sourceTree = "<group>"; };
		45FFAE152554118F00CF6697 /* Assets.xcassets */ = {isa = PBXFileReference; lastKnownFileType = folder.assetcatalog; path = Assets.xcassets; sourceTree = "<group>"; };
		45FFAE182554118F00CF6697 /* Base */ = {isa = PBXFileReference; lastKnownFileType = file.storyboard; name = Base; path = Base.lproj/LaunchScreen.storyboard; sourceTree = "<group>"; };
		45FFAE1A2554118F00CF6697 /* Info.plist */ = {isa = PBXFileReference; lastKnownFileType = text.plist.xml; path = Info.plist; sourceTree = "<group>"; };
		45FFAE2125558EFB00CF6697 /* Model.xcdatamodel */ = {isa = PBXFileReference; lastKnownFileType = wrapper.xcdatamodel; path = Model.xcdatamodel; sourceTree = "<group>"; };
		45FFAE462555911500CF6697 /* CoreData.swift */ = {isa = PBXFileReference; lastKnownFileType = sourcecode.swift; path = CoreData.swift; sourceTree = "<group>"; };
		45FFAE582558067000CF6697 /* Messages+CoreDataClass.swift */ = {isa = PBXFileReference; lastKnownFileType = sourcecode.swift; path = "Messages+CoreDataClass.swift"; sourceTree = "<group>"; };
		45FFAE5C255825F600CF6697 /* CustomSavedMessagesViewController.swift */ = {isa = PBXFileReference; lastKnownFileType = sourcecode.swift; path = CustomSavedMessagesViewController.swift; sourceTree = "<group>"; };
		8D34F02D285E6BD206079B29 /* Pods-Whatsapp utility demo.debug.xcconfig */ = {isa = PBXFileReference; includeInIndex = 1; lastKnownFileType = text.xcconfig; name = "Pods-Whatsapp utility demo.debug.xcconfig"; path = "Target Support Files/Pods-Whatsapp utility demo/Pods-Whatsapp utility demo.debug.xcconfig"; sourceTree = "<group>"; };
		AFBA839CE9A15B600AE91319 /* Pods_Whatsapp_utility_demo.framework */ = {isa = PBXFileReference; explicitFileType = wrapper.framework; includeInIndex = 0; path = Pods_Whatsapp_utility_demo.framework; sourceTree = BUILT_PRODUCTS_DIR; };
		BE85CCCF25BA9FAAA5C7092C /* Pods-Whatsapp utility demo.release.xcconfig */ = {isa = PBXFileReference; includeInIndex = 1; lastKnownFileType = text.xcconfig; name = "Pods-Whatsapp utility demo.release.xcconfig"; path = "Target Support Files/Pods-Whatsapp utility demo/Pods-Whatsapp utility demo.release.xcconfig"; sourceTree = "<group>"; };
/* End PBXFileReference section */

/* Begin PBXFrameworksBuildPhase section */
		45FFAE062554118E00CF6697 /* Frameworks */ = {
			isa = PBXFrameworksBuildPhase;
			buildActionMask = 2147483647;
			files = (
				B49757563BBBC88C6EF0F462 /* Pods_Whatsapp_utility_demo.framework in Frameworks */,
			);
			runOnlyForDeploymentPostprocessing = 0;
		};
/* End PBXFrameworksBuildPhase section */

/* Begin PBXGroup section */
		452D9184256F75A300C211AC /* History */ = {
			isa = PBXGroup;
			children = (
				4585C6FD256A9EFE005A487A /* WUHistoryStoryBoard.storyboard */,
				454608E6256642690046E8CF /* HistoryViewController.swift */,
				452D9185256F75CD00C211AC /* HistoryTableViewCell */,
			);
			path = History;
			sourceTree = "<group>";
		};
		452D9185256F75CD00C211AC /* HistoryTableViewCell */ = {
			isa = PBXGroup;
			children = (
				454608F32566623A0046E8CF /* HistoryTableViewCell.swift */,
				454608F42566623A0046E8CF /* HistoryTableViewCell.xib */,
			);
			path = HistoryTableViewCell;
			sourceTree = "<group>";
		};
		452D9186256F75FA00C211AC /* CustomMessage */ = {
			isa = PBXGroup;
			children = (
				4585C700256AA23D005A487A /* CustomMessageStoryBoard.storyboard */,
				45FFAE5C255825F600CF6697 /* CustomSavedMessagesViewController.swift */,
			);
			path = CustomMessage;
			sourceTree = "<group>";
		};
		452D9188256F760B00C211AC /* Home */ = {
			isa = PBXGroup;
			children = (
				45FFAE102554118E00CF6697 /* HomeViewController.swift */,
				4585C6FA256A8EC2005A487A /* WUHomeStoryBoard.storyboard */,
			);
			path = Home;
			sourceTree = "<group>";
		};
		452D9189256F763D00C211AC /* TabBarController */ = {
			isa = PBXGroup;
			children = (
				452D9186256F75FA00C211AC /* CustomMessage */,
				452D9188256F760B00C211AC /* Home */,
				452D9184256F75A300C211AC /* History */,
				452D91A525711A9700C211AC /* Settings */,
				454608FC25678E5F0046E8CF /* WUTabBarViewController.swift */,
			);
			path = TabBarController;
			sourceTree = "<group>";
		};
		452D918D256F8DE900C211AC /* Fonts */ = {
			isa = PBXGroup;
			children = (
				452D918F256F8E0500C211AC /* SF-Pro-Display-Bold.otf */,
				452D9192256F8E0600C211AC /* SF-Pro-Display-Light.otf */,
				452D9196256F8E0600C211AC /* SF-Pro-Display-Medium.otf */,
				452D9190256F8E0600C211AC /* SF-Pro-Display-Regular.otf */,
				452D9193256F8E0600C211AC /* SF-Pro-Display-RegularItalic.otf */,
				452D9195256F8E0600C211AC /* SF-Pro-Display-SemiBold.otf */,
			);
			path = Fonts;
			sourceTree = "<group>";
		};
		452D91A525711A9700C211AC /* Settings */ = {
			isa = PBXGroup;
			children = (
				45671B9C256ACFF0009095B4 /* FeaturedStoryBoard.storyboard */,
				45460901256796170046E8CF /* FeaturedViewController.swift */,
			);
			path = Settings;
			sourceTree = "<group>";
		};
		45FFAE002554118E00CF6697 = {
			isa = PBXGroup;
			children = (
				45FFAE0B2554118E00CF6697 /* Whatsapp utility demo */,
				45FFAE0A2554118E00CF6697 /* Products */,
				6A78DD71FF73020356E52076 /* Pods */,
				D76EEB212C5A404B777D8A8F /* Frameworks */,
			);
			sourceTree = "<group>";
		};
		45FFAE0A2554118E00CF6697 /* Products */ = {
			isa = PBXGroup;
			children = (
				45FFAE092554118E00CF6697 /* Whatsapp utility demo.app */,
			);
			name = Products;
			sourceTree = "<group>";
		};
		45FFAE0B2554118E00CF6697 /* Whatsapp utility demo */ = {
			isa = PBXGroup;
			children = (
				452D918D256F8DE900C211AC /* Fonts */,
				45FFAE0C2554118E00CF6697 /* AppDelegate.swift */,
				45FFAE0E2554118E00CF6697 /* SceneDelegate.swift */,
				45FFAE462555911500CF6697 /* CoreData.swift */,
				452D9189256F763D00C211AC /* TabBarController */,
				45FFAE53255805C900CF6697 /* CoreDataModel */,
				4585C6F7256A8DC6005A487A /* AppStoryBoards.swift */,
				45FFAE152554118F00CF6697 /* Assets.xcassets */,
				45FFAE2025558EFB00CF6697 /* Model.xcdatamodeld */,
				45FFAE172554118F00CF6697 /* LaunchScreen.storyboard */,
				45FFAE1A2554118F00CF6697 /* Info.plist */,
				45444DAA2575348600F13C96 /* Colors.swift */,
			);
			path = "Whatsapp utility demo";
			sourceTree = "<group>";
		};
		45FFAE53255805C900CF6697 /* CoreDataModel */ = {
			isa = PBXGroup;
			children = (
				45FFAE582558067000CF6697 /* Messages+CoreDataClass.swift */,
				454608F92566906C0046E8CF /* History+CoreDataClass.swift */,
			);
			path = CoreDataModel;
			sourceTree = "<group>";
		};
		6A78DD71FF73020356E52076 /* Pods */ = {
			isa = PBXGroup;
			children = (
				8D34F02D285E6BD206079B29 /* Pods-Whatsapp utility demo.debug.xcconfig */,
				BE85CCCF25BA9FAAA5C7092C /* Pods-Whatsapp utility demo.release.xcconfig */,
			);
			path = Pods;
			sourceTree = "<group>";
		};
		D76EEB212C5A404B777D8A8F /* Frameworks */ = {
			isa = PBXGroup;
			children = (
				AFBA839CE9A15B600AE91319 /* Pods_Whatsapp_utility_demo.framework */,
			);
			name = Frameworks;
			sourceTree = "<group>";
		};
/* End PBXGroup section */

/* Begin PBXNativeTarget section */
		45FFAE082554118E00CF6697 /* Whatsapp utility demo */ = {
			isa = PBXNativeTarget;
			buildConfigurationList = 45FFAE1D2554118F00CF6697 /* Build configuration list for PBXNativeTarget "Whatsapp utility demo" */;
			buildPhases = (
				8C77AA2E9A25D8F8EB1507B9 /* [CP] Check Pods Manifest.lock */,
				45FFAE052554118E00CF6697 /* Sources */,
				45FFAE062554118E00CF6697 /* Frameworks */,
				45FFAE072554118E00CF6697 /* Resources */,
				BDEBF531A0934635C209A2E5 /* [CP] Embed Pods Frameworks */,
			);
			buildRules = (
			);
			dependencies = (
			);
			name = "Whatsapp utility demo";
			productName = "Whatsapp utility demo";
			productReference = 45FFAE092554118E00CF6697 /* Whatsapp utility demo.app */;
			productType = "com.apple.product-type.application";
		};
/* End PBXNativeTarget section */

/* Begin PBXProject section */
		45FFAE012554118E00CF6697 /* Project object */ = {
			isa = PBXProject;
			attributes = {
				LastSwiftUpdateCheck = 1130;
				LastUpgradeCheck = 1130;
				ORGANIZATIONNAME = "MOHIT PAREEK";
				TargetAttributes = {
					45FFAE082554118E00CF6697 = {
						CreatedOnToolsVersion = 11.3;
					};
				};
			};
			buildConfigurationList = 45FFAE042554118E00CF6697 /* Build configuration list for PBXProject "Whatsapp utility demo" */;
			compatibilityVersion = "Xcode 9.3";
			developmentRegion = en;
			hasScannedForEncodings = 0;
			knownRegions = (
				en,
				Base,
			);
			mainGroup = 45FFAE002554118E00CF6697;
			productRefGroup = 45FFAE0A2554118E00CF6697 /* Products */;
			projectDirPath = "";
			projectRoot = "";
			targets = (
				45FFAE082554118E00CF6697 /* Whatsapp utility demo */,
			);
		};
/* End PBXProject section */

/* Begin PBXResourcesBuildPhase section */
		45FFAE072554118E00CF6697 /* Resources */ = {
			isa = PBXResourcesBuildPhase;
			buildActionMask = 2147483647;
			files = (
				45FFAE192554118F00CF6697 /* LaunchScreen.storyboard in Resources */,
				45FFAE162554118F00CF6697 /* Assets.xcassets in Resources */,
				452D919C256F8E0600C211AC /* SF-Pro-Display-RegularItalic.otf in Resources */,
				452D9198256F8E0600C211AC /* SF-Pro-Display-Bold.otf in Resources */,
				4585C701256AA23D005A487A /* CustomMessageStoryBoard.storyboard in Resources */,
				4585C6FE256A9EFE005A487A /* WUHistoryStoryBoard.storyboard in Resources */,
				4585C6FB256A8EC2005A487A /* WUHomeStoryBoard.storyboard in Resources */,
				452D919F256F8E0600C211AC /* SF-Pro-Display-Medium.otf in Resources */,
				452D919E256F8E0600C211AC /* SF-Pro-Display-SemiBold.otf in Resources */,
				45671B9D256ACFF0009095B4 /* FeaturedStoryBoard.storyboard in Resources */,
				454608F62566623A0046E8CF /* HistoryTableViewCell.xib in Resources */,
				452D9199256F8E0600C211AC /* SF-Pro-Display-Regular.otf in Resources */,
				452D919B256F8E0600C211AC /* SF-Pro-Display-Light.otf in Resources */,
			);
			runOnlyForDeploymentPostprocessing = 0;
		};
/* End PBXResourcesBuildPhase section */

/* Begin PBXShellScriptBuildPhase section */
		8C77AA2E9A25D8F8EB1507B9 /* [CP] Check Pods Manifest.lock */ = {
			isa = PBXShellScriptBuildPhase;
			buildActionMask = 2147483647;
			files = (
			);
			inputFileListPaths = (
			);
			inputPaths = (
				"${PODS_PODFILE_DIR_PATH}/Podfile.lock",
				"${PODS_ROOT}/Manifest.lock",
			);
			name = "[CP] Check Pods Manifest.lock";
			outputFileListPaths = (
			);
			outputPaths = (
				"$(DERIVED_FILE_DIR)/Pods-Whatsapp utility demo-checkManifestLockResult.txt",
			);
			runOnlyForDeploymentPostprocessing = 0;
			shellPath = /bin/sh;
			shellScript = "diff \"${PODS_PODFILE_DIR_PATH}/Podfile.lock\" \"${PODS_ROOT}/Manifest.lock\" > /dev/null\nif [ $? != 0 ] ; then\n    # print error to STDERR\n    echo \"error: The sandbox is not in sync with the Podfile.lock. Run 'pod install' or update your CocoaPods installation.\" >&2\n    exit 1\nfi\n# This output is used by Xcode 'outputs' to avoid re-running this script phase.\necho \"SUCCESS\" > \"${SCRIPT_OUTPUT_FILE_0}\"\n";
			showEnvVarsInLog = 0;
		};
		BDEBF531A0934635C209A2E5 /* [CP] Embed Pods Frameworks */ = {
			isa = PBXShellScriptBuildPhase;
			buildActionMask = 2147483647;
			files = (
			);
			inputFileListPaths = (
				"${PODS_ROOT}/Target Support Files/Pods-Whatsapp utility demo/Pods-Whatsapp utility demo-frameworks-${CONFIGURATION}-input-files.xcfilelist",
			);
			name = "[CP] Embed Pods Frameworks";
			outputFileListPaths = (
				"${PODS_ROOT}/Target Support Files/Pods-Whatsapp utility demo/Pods-Whatsapp utility demo-frameworks-${CONFIGURATION}-output-files.xcfilelist",
			);
			runOnlyForDeploymentPostprocessing = 0;
			shellPath = /bin/sh;
			shellScript = "\"${PODS_ROOT}/Target Support Files/Pods-Whatsapp utility demo/Pods-Whatsapp utility demo-frameworks.sh\"\n";
			showEnvVarsInLog = 0;
		};
/* End PBXShellScriptBuildPhase section */

/* Begin PBXSourcesBuildPhase section */
		45FFAE052554118E00CF6697 /* Sources */ = {
			isa = PBXSourcesBuildPhase;
			buildActionMask = 2147483647;
			files = (
				45FFAE112554118E00CF6697 /* HomeViewController.swift in Sources */,
				45FFAE5A2558067000CF6697 /* Messages+CoreDataClass.swift in Sources */,
				454608FA2566906C0046E8CF /* History+CoreDataClass.swift in Sources */,
				45444DAB2575348600F13C96 /* Colors.swift in Sources */,
				45FFAE0D2554118E00CF6697 /* AppDelegate.swift in Sources */,
				454608FD25678E5F0046E8CF /* WUTabBarViewController.swift in Sources */,
				45FFAE0F2554118E00CF6697 /* SceneDelegate.swift in Sources */,
				454608F52566623A0046E8CF /* HistoryTableViewCell.swift in Sources */,
				45FFAE2225558EFB00CF6697 /* Model.xcdatamodeld in Sources */,
				4585C6F8256A8DC6005A487A /* AppStoryBoards.swift in Sources */,
				45FFAE472555911500CF6697 /* CoreData.swift in Sources */,
				45FFAE5D255825F600CF6697 /* CustomSavedMessagesViewController.swift in Sources */,
				45460902256796170046E8CF /* FeaturedViewController.swift in Sources */,
				454608E7256642690046E8CF /* HistoryViewController.swift in Sources */,
			);
			runOnlyForDeploymentPostprocessing = 0;
		};
/* End PBXSourcesBuildPhase section */

/* Begin PBXVariantGroup section */
		45FFAE172554118F00CF6697 /* LaunchScreen.storyboard */ = {
			isa = PBXVariantGroup;
			children = (
				45FFAE182554118F00CF6697 /* Base */,
			);
			name = LaunchScreen.storyboard;
			sourceTree = "<group>";
		};
/* End PBXVariantGroup section */

/* Begin XCBuildConfiguration section */
		45FFAE1B2554118F00CF6697 /* Debug */ = {
			isa = XCBuildConfiguration;
			buildSettings = {
				ALWAYS_SEARCH_USER_PATHS = NO;
				CLANG_ANALYZER_NONNULL = YES;
				CLANG_ANALYZER_NUMBER_OBJECT_CONVERSION = YES_AGGRESSIVE;
				CLANG_CXX_LANGUAGE_STANDARD = "gnu++14";
				CLANG_CXX_LIBRARY = "libc++";
				CLANG_ENABLE_MODULES = YES;
				CLANG_ENABLE_OBJC_ARC = YES;
				CLANG_ENABLE_OBJC_WEAK = YES;
				CLANG_WARN_BLOCK_CAPTURE_AUTORELEASING = YES;
				CLANG_WARN_BOOL_CONVERSION = YES;
				CLANG_WARN_COMMA = YES;
				CLANG_WARN_CONSTANT_CONVERSION = YES;
				CLANG_WARN_DEPRECATED_OBJC_IMPLEMENTATIONS = YES;
				CLANG_WARN_DIRECT_OBJC_ISA_USAGE = YES_ERROR;
				CLANG_WARN_DOCUMENTATION_COMMENTS = YES;
				CLANG_WARN_EMPTY_BODY = YES;
				CLANG_WARN_ENUM_CONVERSION = YES;
				CLANG_WARN_INFINITE_RECURSION = YES;
				CLANG_WARN_INT_CONVERSION = YES;
				CLANG_WARN_NON_LITERAL_NULL_CONVERSION = YES;
				CLANG_WARN_OBJC_IMPLICIT_RETAIN_SELF = YES;
				CLANG_WARN_OBJC_LITERAL_CONVERSION = YES;
				CLANG_WARN_OBJC_ROOT_CLASS = YES_ERROR;
				CLANG_WARN_RANGE_LOOP_ANALYSIS = YES;
				CLANG_WARN_STRICT_PROTOTYPES = YES;
				CLANG_WARN_SUSPICIOUS_MOVE = YES;
				CLANG_WARN_UNGUARDED_AVAILABILITY = YES_AGGRESSIVE;
				CLANG_WARN_UNREACHABLE_CODE = YES;
				CLANG_WARN__DUPLICATE_METHOD_MATCH = YES;
				COPY_PHASE_STRIP = NO;
				DEBUG_INFORMATION_FORMAT = dwarf;
				ENABLE_STRICT_OBJC_MSGSEND = YES;
				ENABLE_TESTABILITY = YES;
				GCC_C_LANGUAGE_STANDARD = gnu11;
				GCC_DYNAMIC_NO_PIC = NO;
				GCC_NO_COMMON_BLOCKS = YES;
				GCC_OPTIMIZATION_LEVEL = 0;
				GCC_PREPROCESSOR_DEFINITIONS = (
					"DEBUG=1",
					"$(inherited)",
				);
				GCC_WARN_64_TO_32_BIT_CONVERSION = YES;
				GCC_WARN_ABOUT_RETURN_TYPE = YES_ERROR;
				GCC_WARN_UNDECLARED_SELECTOR = YES;
				GCC_WARN_UNINITIALIZED_AUTOS = YES_AGGRESSIVE;
				GCC_WARN_UNUSED_FUNCTION = YES;
				GCC_WARN_UNUSED_VARIABLE = YES;
				IPHONEOS_DEPLOYMENT_TARGET = 13.2;
				MTL_ENABLE_DEBUG_INFO = INCLUDE_SOURCE;
				MTL_FAST_MATH = YES;
				ONLY_ACTIVE_ARCH = YES;
				SDKROOT = iphoneos;
				SWIFT_ACTIVE_COMPILATION_CONDITIONS = DEBUG;
				SWIFT_OPTIMIZATION_LEVEL = "-Onone";
			};
			name = Debug;
		};
		45FFAE1C2554118F00CF6697 /* Release */ = {
			isa = XCBuildConfiguration;
			buildSettings = {
				ALWAYS_SEARCH_USER_PATHS = NO;
				CLANG_ANALYZER_NONNULL = YES;
				CLANG_ANALYZER_NUMBER_OBJECT_CONVERSION = YES_AGGRESSIVE;
				CLANG_CXX_LANGUAGE_STANDARD = "gnu++14";
				CLANG_CXX_LIBRARY = "libc++";
				CLANG_ENABLE_MODULES = YES;
				CLANG_ENABLE_OBJC_ARC = YES;
				CLANG_ENABLE_OBJC_WEAK = YES;
				CLANG_WARN_BLOCK_CAPTURE_AUTORELEASING = YES;
				CLANG_WARN_BOOL_CONVERSION = YES;
				CLANG_WARN_COMMA = YES;
				CLANG_WARN_CONSTANT_CONVERSION = YES;
				CLANG_WARN_DEPRECATED_OBJC_IMPLEMENTATIONS = YES;
				CLANG_WARN_DIRECT_OBJC_ISA_USAGE = YES_ERROR;
				CLANG_WARN_DOCUMENTATION_COMMENTS = YES;
				CLANG_WARN_EMPTY_BODY = YES;
				CLANG_WARN_ENUM_CONVERSION = YES;
				CLANG_WARN_INFINITE_RECURSION = YES;
				CLANG_WARN_INT_CONVERSION = YES;
				CLANG_WARN_NON_LITERAL_NULL_CONVERSION = YES;
				CLANG_WARN_OBJC_IMPLICIT_RETAIN_SELF = YES;
				CLANG_WARN_OBJC_LITERAL_CONVERSION = YES;
				CLANG_WARN_OBJC_ROOT_CLASS = YES_ERROR;
				CLANG_WARN_RANGE_LOOP_ANALYSIS = YES;
				CLANG_WARN_STRICT_PROTOTYPES = YES;
				CLANG_WARN_SUSPICIOUS_MOVE = YES;
				CLANG_WARN_UNGUARDED_AVAILABILITY = YES_AGGRESSIVE;
				CLANG_WARN_UNREACHABLE_CODE = YES;
				CLANG_WARN__DUPLICATE_METHOD_MATCH = YES;
				COPY_PHASE_STRIP = NO;
				DEBUG_INFORMATION_FORMAT = "dwarf-with-dsym";
				ENABLE_NS_ASSERTIONS = NO;
				ENABLE_STRICT_OBJC_MSGSEND = YES;
				GCC_C_LANGUAGE_STANDARD = gnu11;
				GCC_NO_COMMON_BLOCKS = YES;
				GCC_WARN_64_TO_32_BIT_CONVERSION = YES;
				GCC_WARN_ABOUT_RETURN_TYPE = YES_ERROR;
				GCC_WARN_UNDECLARED_SELECTOR = YES;
				GCC_WARN_UNINITIALIZED_AUTOS = YES_AGGRESSIVE;
				GCC_WARN_UNUSED_FUNCTION = YES;
				GCC_WARN_UNUSED_VARIABLE = YES;
				IPHONEOS_DEPLOYMENT_TARGET = 13.2;
				MTL_ENABLE_DEBUG_INFO = NO;
				MTL_FAST_MATH = YES;
				SDKROOT = iphoneos;
				SWIFT_COMPILATION_MODE = wholemodule;
				SWIFT_OPTIMIZATION_LEVEL = "-O";
				VALIDATE_PRODUCT = YES;
			};
			name = Release;
		};
		45FFAE1E2554118F00CF6697 /* Debug */ = {
			isa = XCBuildConfiguration;
			baseConfigurationReference = 8D34F02D285E6BD206079B29 /* Pods-Whatsapp utility demo.debug.xcconfig */;
			buildSettings = {
				ASSETCATALOG_COMPILER_APPICON_NAME = AppIcon;
				CODE_SIGN_IDENTITY = "Apple Development: Varun Kumar (TMZ9TH5NX9)";
				CODE_SIGN_STYLE = Manual;
				DEVELOPMENT_TEAM = RX67CZ6XK5;
				INFOPLIST_FILE = "Whatsapp utility demo/Info.plist";
				LD_RUNPATH_SEARCH_PATHS = (
					"$(inherited)",
					"@executable_path/Frameworks",
				);
				PRODUCT_BUNDLE_IDENTIFIER = com.kplus.multiscreen.stage;
				PRODUCT_NAME = "$(TARGET_NAME)";
				PROVISIONING_PROFILE_SPECIFIER = KPlus_Dev_Stage;
				SWIFT_VERSION = 5.0;
				TARGETED_DEVICE_FAMILY = "1,2";
			};
			name = Debug;
		};
		45FFAE1F2554118F00CF6697 /* Release */ = {
			isa = XCBuildConfiguration;
			baseConfigurationReference = BE85CCCF25BA9FAAA5C7092C /* Pods-Whatsapp utility demo.release.xcconfig */;
			buildSettings = {
				ASSETCATALOG_COMPILER_APPICON_NAME = AppIcon;
				CODE_SIGN_IDENTITY = "iPhone Distribution: VIETNAM SATELLITE DIGITAL TELEVISION COMPANY LIMITED (RX67CZ6XK5)";
				CODE_SIGN_STYLE = Manual;
				DEVELOPMENT_TEAM = RX67CZ6XK5;
				INFOPLIST_FILE = "Whatsapp utility demo/Info.plist";
				LD_RUNPATH_SEARCH_PATHS = (
					"$(inherited)",
					"@executable_path/Frameworks",
				);
				PRODUCT_BUNDLE_IDENTIFIER = com.kplus.multiscreen.stage;
				PRODUCT_NAME = "$(TARGET_NAME)";
				PROVISIONING_PROFILE_SPECIFIER = KPlus_Stage_Distribution;
				SWIFT_VERSION = 5.0;
				TARGETED_DEVICE_FAMILY = "1,2";
			};
			name = Release;
		};
/* End XCBuildConfiguration section */

/* Begin XCConfigurationList section */
		45FFAE042554118E00CF6697 /* Build configuration list for PBXProject "Whatsapp utility demo" */ = {
			isa = XCConfigurationList;
			buildConfigurations = (
				45FFAE1B2554118F00CF6697 /* Debug */,
				45FFAE1C2554118F00CF6697 /* Release */,
			);
			defaultConfigurationIsVisible = 0;
			defaultConfigurationName = Release;
		};
		45FFAE1D2554118F00CF6697 /* Build configuration list for PBXNativeTarget "Whatsapp utility demo" */ = {
			isa = XCConfigurationList;
			buildConfigurations = (
				45FFAE1E2554118F00CF6697 /* Debug */,
				45FFAE1F2554118F00CF6697 /* Release */,
			);
			defaultConfigurationIsVisible = 0;
			defaultConfigurationName = Release;
		};
/* End XCConfigurationList section */

/* Begin XCVersionGroup section */
		45FFAE2025558EFB00CF6697 /* Model.xcdatamodeld */ = {
			isa = XCVersionGroup;
			children = (
				45FFAE2125558EFB00CF6697 /* Model.xcdatamodel */,
			);
			currentVersion = 45FFAE2125558EFB00CF6697 /* Model.xcdatamodel */;
			path = Model.xcdatamodeld;
			sourceTree = "<group>";
			versionGroupType = wrapper.xcdatamodel;
		};
/* End XCVersionGroup section */
	};
	rootObject = 45FFAE012554118E00CF6697 /* Project object */;
}
